
Microsoft Visual Studio Solution File, Format Version 12.00
# Visual Studio Version 17
VisualStudioVersion = 17.4.33205.214
MinimumVisualStudioVersion = 10.0.40219.1
Project("{FAE04EC0-301F-11D3-BF4B-00C04F79EFBC}") = "ConsoleApp1", "ConsoleApp1.csproj", "{BEA5265F-74E1-483B-89E2-5251868D8A67}"
EndProject
Project("{FAE04EC0-301F-11D3-BF4B-00C04F79EFBC}") = "Exercise Class Library", "..\Exercise Class Library\Exercise Class Library.csproj", "{009C6806-74CB-41ED-9F4B-630D9C9BB789}"
EndProject
Global
	GlobalSection(SolutionConfigurationPlatforms) = preSolution
		Debug|Any CPU = Debug|Any CPU
		Release|Any CPU = Release|Any CPU
	EndGlobalSection
	GlobalSection(ProjectConfigurationPlatforms) = postSolution
		{BEA5265F-74E1-483B-89E2-5251868D8A67}.Debug|Any CPU.ActiveCfg = Debug|Any CPU
		{BEA5265F-74E1-483B-89E2-5251868D8A67}.Debug|Any CPU.Build.0 = Debug|Any CPU
		{BEA5265F-74E1-483B-89E2-5251868D8A67}.Release|Any CPU.ActiveCfg = Release|Any CPU
		{BEA5265F-74E1-483B-89E2-5251868D8A67}.Release|Any CPU.Build.0 = Release|Any CPU
		{009C6806-74CB-41ED-9F4B-630D9C9BB789}.Debug|Any CPU.ActiveCfg = Debug|Any CPU
		{009C6806-74CB-41ED-9F4B-630D9C9BB789}.Debug|Any CPU.Build.0 = Debug|Any CPU
		{009C6806-74CB-41ED-9F4B-630D9C9BB789}.Release|Any CPU.ActiveCfg = Release|Any CPU
		{009C6806-74CB-41ED-9F4B-630D9C9BB789}.Release|Any CPU.Build.0 = Release|Any CPU
	EndGlobalSection
	GlobalSection(SolutionProperties) = preSolution
		HideSolutionNode = FALSE
	EndGlobalSection
	GlobalSection(ExtensibilityGlobals) = postSolution
		SolutionGuid = {70AC168A-C477-42B5-9461-5807468B4C8B}
	EndGlobalSection
EndGlobal
